#MicroXplorer Configuration settings - do not modify
Mcu.Family=STM32L4
PC3.Mode=Full_Duplex_Master
ProjectManager.MainLocation=Core/Src
RCC.USART1Freq_Value=80000000
PA15\ (JTDI).GPIOParameters=PinState,GPIO_PuPd,GPIO_Label
RCC.SAI1Freq_Value=18285714.285714287
RCC.CortexFreq_Value=80000000
PC10.GPIO_PuPd=GPIO_PULLDOWN
ProjectManager.KeepUserCode=true
Mcu.UserName=STM32L476RGTx
ADC1.Overrun=ADC_OVR_DATA_OVERWRITTEN
SPI2.VirtualType=VM_MASTER
ADC1.ContinuousConvMode=ENABLE
PB10.Mode=Full_Duplex_Master
PC10.Locked=true
PC10.Signal=GPIO_Output
PC12.Signal=UART5_TX
RCC.PLLSAI1RoutputFreq_Value=64000000
PC7.Locked=true
ProjectManager.functionlistsort=1-MX_GPIO_Init-GPIO-false-HAL-true,2-SystemClock_Config-RCC-false-HAL-false,3-MX_RTC_Init-RTC-false-HAL-true,4-MX_SPI2_Init-SPI2-false-HAL-true,5-MX_TIM3_Init-TIM3-false-HAL-true,6-MX_UART5_Init-UART5-false-HAL-true,7-MX_ADC1_Init-ADC1-false-HAL-true
VP_RTC_VS_RTC_Activate.Mode=RTC_Enabled
RCC.USART2Freq_Value=80000000
PA15\ (JTDI).Signal=GPIO_Output
PC13.GPIO_Label=PWM_Mod
PinOutPanel.RotationAngle=0
RCC.MCO1PinFreq_Value=80000000
RCC.SYSCLKSource=RCC_SYSCLKSOURCE_PLLCLK
ProjectManager.StackSize=0x400
SH.ADCx_IN16.0=ADC1_IN16,IN16-Single-Ended
RCC.I2C3Freq_Value=80000000
RCC.LPTIM1Freq_Value=80000000
Mcu.IP4=SPI2
RCC.FCLKCortexFreq_Value=80000000
Mcu.IP5=SYS
NVIC.SVCall_IRQn=true\:0\:0\:false\:false\:true\:false\:false
Mcu.IP2=RCC
Mcu.IP3=RTC
PC11.GPIO_PuPd=GPIO_PULLDOWN
Mcu.IP0=ADC1
Mcu.IP1=NVIC
SPI2.CLKPolarity=SPI_POLARITY_HIGH
Mcu.UserConstants=
RCC.VCOSAI1OutputFreq_Value=128000000
SH.S_TIM3_CH2.ConfNb=1
RCC.SDMMCFreq_Value=64000000
Mcu.ThirdPartyNb=0
RCC.HCLKFreq_Value=80000000
Mcu.IPNb=8
ADC1.Resolution=ADC_RESOLUTION_8B
ProjectManager.PreviousToolchain=STM32CubeIDE
RCC.APB2TimFreq_Value=80000000
TIM3.Period=255
PC7.Signal=S_TIM3_CH2
PB12.PinState=GPIO_PIN_SET
PC3.Signal=SPI2_MOSI
Mcu.Pin6=PC7
RCC.SAI2Freq_Value=18285714.285714287
Mcu.Pin7=PA15 (JTDI)
Mcu.Pin8=PC10
Mcu.Pin9=PC11
RCC.AHBFreq_Value=80000000
SPI2.BaudRatePrescaler=SPI_BAUDRATEPRESCALER_128
Mcu.Pin0=PC13
Mcu.Pin1=PC2
GPIO.groupedBy=Group By Peripherals
Mcu.Pin2=PC3
Mcu.Pin3=PB1
RCC.USART3Freq_Value=80000000
Mcu.Pin4=PB10
Mcu.Pin5=PB12
ProjectManager.ProjectBuild=false
RCC.HSE_VALUE=8000000
NVIC.UsageFault_IRQn=true\:0\:0\:false\:false\:true\:false\:false
NVIC.DebugMonitor_IRQn=true\:0\:0\:false\:false\:true\:false\:false
NVIC.SysTick_IRQn=true\:0\:0\:false\:false\:true\:false\:false
PB12.GPIO_Label=Disp_CS
ProjectManager.FirmwarePackage=STM32Cube FW_L4 V1.17.0
MxDb.Version=DB.6.0.21
ProjectManager.BackupPrevious=false
RCC.VCOInputFreq_Value=16000000
VP_SYS_VS_tim1.Mode=TIM1
TIM3.Prescaler=255
PC11.GPIO_Label=Disp_White
File.Version=6
SPI2.CalculateBaudRate=625.0 KBits/s
SH.ADCx_IN16.ConfNb=1
RCC.PLLRCLKFreq_Value=80000000
NVIC.PendSV_IRQn=true\:0\:0\:false\:false\:true\:false\:false
ProjectManager.HalAssertFull=false
ProjectManager.ProjectName=SensShield_OHG
Mcu.Package=LQFP64
PB1.Signal=ADCx_IN16
NVIC.TimeBase=TIM1_UP_TIM16_IRQn
SPI2.Mode=SPI_MODE_MASTER
ADC1.OversamplingMode=DISABLE
ProjectManager.ToolChainLocation=
RCC.LSI_VALUE=32000
NVIC.TimeBaseIP=TIM1
RCC.LSCOPinFreq_Value=32000
ADC1.OffsetNumber-1\#ChannelRegularConversion=ADC_OFFSET_NONE
RCC.DFSDMFreq_Value=80000000
SPI2.CLKPhase=SPI_PHASE_2EDGE
RCC.PLLPoutputFreq_Value=22857142.85714286
RCC.APB1TimFreq_Value=80000000
NVIC.BusFault_IRQn=true\:0\:0\:false\:false\:true\:false\:false
RCC.LPUART1Freq_Value=80000000
TIM3.Pulse-PWM\ Generation2\ CH2=255
SPI2.Direction=SPI_DIRECTION_2LINES
ProjectManager.CustomerFirmwarePackage=
VP_TIM3_VS_ClockSourceINT.Mode=Internal
VP_RTC_VS_RTC_Activate.Signal=RTC_VS_RTC_Activate
RCC.MSI_VALUE=4000000
RCC.PLLSourceVirtual=RCC_PLLSOURCE_HSI
RCC.PLLQoutputFreq_Value=80000000
ProjectManager.ProjectFileName=SensShield_OHG.ioc
PC10.GPIO_Label=Disp_Green
Mcu.PinsNb=15
TIM3.AutoReloadPreload=TIM_AUTORELOAD_PRELOAD_DISABLE
ProjectManager.NoMain=false
PC11.Locked=true
ADC1.IPParameters=Rank-1\#ChannelRegularConversion,master,Channel-1\#ChannelRegularConversion,SamplingTime-1\#ChannelRegularConversion,OffsetNumber-1\#ChannelRegularConversion,NbrOfConversionFlag,OversamplingMode,Overrun,ClockPrescaler,ContinuousConvMode,Resolution
PC13.Locked=true
PC11.Signal=GPIO_Output
PC13.Signal=GPIO_Analog
RCC.SWPMI1Freq_Value=80000000
PC2.Signal=SPI2_MISO
ProjectManager.DefaultFWLocation=true
PC2.Mode=Full_Duplex_Master
PB12.Locked=true
ProjectManager.DeletePrevious=true
RCC.VCOSAI2OutputFreq_Value=128000000
PC11.GPIOParameters=GPIO_PuPd,GPIO_Label
RCC.FamilyName=M
ProjectManager.TargetToolchain=STM32CubeIDE
ADC1.Channel-1\#ChannelRegularConversion=ADC_CHANNEL_16
SPI2.IPParameters=VirtualType,Mode,Direction,CalculateBaudRate,BaudRatePrescaler,FirstBit,DataSize,CLKPolarity,CLKPhase
ProjectManager.RegisterCallBack=
RCC.USBFreq_Value=64000000
VP_TIM3_VS_ClockSourceINT.Signal=TIM3_VS_ClockSourceINT
RCC.LSE_VALUE=32768
RCC.PLLSAI1PoutputFreq_Value=18285714.285714287
PB10.Signal=SPI2_SCK
PD2.Mode=Asynchronous
RCC.PLLSAI2RoutputFreq_Value=64000000
SH.S_TIM3_CH2.0=TIM3_CH2,PWM Generation2 CH2
PC12.Mode=Asynchronous
board=custom
RCC.VCOOutputFreq_Value=160000000
ProjectManager.LastFirmware=true
RCC.APB2Freq_Value=80000000
RCC.UART4Freq_Value=80000000
MxCube.Version=6.2.1
RCC.I2C1Freq_Value=80000000
VP_SYS_VS_tim1.Signal=SYS_VS_tim1
PC13.GPIOParameters=GPIO_Label
RCC.RNGFreq_Value=64000000
RCC.PLLSAI1QoutputFreq_Value=64000000
RCC.ADCFreq_Value=64000000
TIM3.IPParameters=Channel-PWM Generation2 CH2,Period,Pulse-PWM Generation2 CH2,Prescaler,AutoReloadPreload
PA15\ (JTDI).GPIO_PuPd=GPIO_NOPULL
NVIC.NonMaskableInt_IRQn=true\:0\:0\:false\:false\:true\:false\:false
PC10.GPIOParameters=GPIO_PuPd,GPIO_Label
RCC.UART5Freq_Value=80000000
ProjectManager.FreePins=false
PA15\ (JTDI).GPIO_Label=Disp_Reset
RCC.IPParameters=ADCFreq_Value,AHBFreq_Value,APB1Freq_Value,APB1TimFreq_Value,APB2Freq_Value,APB2TimFreq_Value,CortexFreq_Value,DFSDMFreq_Value,FCLKCortexFreq_Value,FamilyName,HCLKFreq_Value,HSE_VALUE,HSI_VALUE,I2C1Freq_Value,I2C2Freq_Value,I2C3Freq_Value,LPTIM1Freq_Value,LPTIM2Freq_Value,LPUART1Freq_Value,LSCOPinFreq_Value,LSE_VALUE,LSI_VALUE,MCO1PinFreq_Value,MSI_VALUE,PLLN,PLLPoutputFreq_Value,PLLQoutputFreq_Value,PLLRCLKFreq_Value,PLLSAI1PoutputFreq_Value,PLLSAI1QoutputFreq_Value,PLLSAI1RoutputFreq_Value,PLLSAI2PoutputFreq_Value,PLLSAI2RoutputFreq_Value,PLLSourceVirtual,PWRFreq_Value,RNGFreq_Value,SAI1Freq_Value,SAI2Freq_Value,SDMMCFreq_Value,SWPMI1Freq_Value,SYSCLKFreq_VALUE,SYSCLKSource,UART4Freq_Value,UART5Freq_Value,USART1Freq_Value,USART2Freq_Value,USART3Freq_Value,USBFreq_Value,VCOInputFreq_Value,VCOOutputFreq_Value,VCOSAI1OutputFreq_Value,VCOSAI2OutputFreq_Value
ProjectManager.AskForMigrate=true
Mcu.Name=STM32L476R(C-E-G)Tx
RCC.LPTIM2Freq_Value=80000000
ProjectManager.UnderRoot=true
Mcu.IP6=TIM3
Mcu.IP7=UART5
ProjectManager.CoupleFile=true
ADC1.SamplingTime-1\#ChannelRegularConversion=ADC_SAMPLETIME_2CYCLES_5
RCC.SYSCLKFreq_VALUE=80000000
ADC1.master=1
NVIC.ForceEnableDMAVector=true
RCC.PLLSAI2PoutputFreq_Value=18285714.285714287
KeepUserPlacement=false
NVIC.MemoryManagement_IRQn=true\:0\:0\:false\:false\:true\:false\:false
SPI2.FirstBit=SPI_FIRSTBIT_LSB
ProjectManager.CompilerOptimize=6
ADC1.Rank-1\#ChannelRegularConversion=1
ProjectManager.HeapSize=0x200
NVIC.HardFault_IRQn=true\:0\:0\:false\:false\:true\:false\:false
Mcu.Pin13=VP_SYS_VS_tim1
Mcu.Pin14=VP_TIM3_VS_ClockSourceINT
ProjectManager.ComputerToolchain=false
RCC.HSI_VALUE=16000000
NVIC.TIM1_UP_TIM16_IRQn=true\:0\:0\:false\:false\:true\:false\:true
NVIC.PriorityGroup=NVIC_PRIORITYGROUP_4
ADC1.NbrOfConversionFlag=1
Mcu.Pin11=PD2
TIM3.Channel-PWM\ Generation2\ CH2=TIM_CHANNEL_2
Mcu.Pin12=VP_RTC_VS_RTC_Activate
RCC.PLLN=10
Mcu.Pin10=PC12
RCC.PWRFreq_Value=80000000
SPI2.DataSize=SPI_DATASIZE_8BIT
PA15\ (JTDI).PinState=GPIO_PIN_SET
PD2.Signal=UART5_RX
PA15\ (JTDI).Locked=true
RCC.I2C2Freq_Value=80000000
RCC.APB1Freq_Value=80000000
ADC1.ClockPrescaler=ADC_CLOCK_ASYNC_DIV256
ProjectManager.DeviceId=STM32L476RGTx
PB12.GPIOParameters=PinState,GPIO_Label
PB12.Signal=GPIO_Output
ProjectManager.LibraryCopy=1
isbadioc=false
